
Microsoft Visual Studio Solution File, Format Version 12.00
# Visual Studio Version 16
VisualStudioVersion = 16.0.30907.101
MinimumVisualStudioVersion = 10.0.40219.1
Project("{9A19103F-16F7-4668-BE54-9A1E7A4F7556}") = "CsharpConcepts9.0", "src\CsharpConcepts9.0\CsharpConcepts9.0.csproj", "{75C5E98A-7390-42B2-A3F1-543862499049}"
EndProject
Global
	GlobalSection(SolutionConfigurationPlatforms) = preSolution
		Debug|Any CPU = Debug|Any CPU
		Release|Any CPU = Release|Any CPU
	EndGlobalSection
	GlobalSection(ProjectConfigurationPlatforms) = postSolution
		{75C5E98A-7390-42B2-A3F1-543862499049}.Debug|Any CPU.ActiveCfg = Debug|Any CPU
		{75C5E98A-7390-42B2-A3F1-543862499049}.Debug|Any CPU.Build.0 = Debug|Any CPU
		{75C5E98A-7390-42B2-A3F1-543862499049}.Release|Any CPU.ActiveCfg = Release|Any CPU
		{75C5E98A-7390-42B2-A3F1-543862499049}.Release|Any CPU.Build.0 = Release|Any CPU
	EndGlobalSection
	GlobalSection(SolutionProperties) = preSolution
		HideSolutionNode = FALSE
	EndGlobalSection
	GlobalSection(ExtensibilityGlobals) = postSolution
		SolutionGuid = {029764C5-266C-4360-B0E2-8A064B951D68}
	EndGlobalSection
EndGlobal
